// !$*UTF8*$!
{
	archiveVersion = 1;
	classes = {
	};
	objectVersion = 56;
	objects = {

/* Begin PBXBuildFile section */
		18D7715E2A34A52500033716 /* AppDelegate.swift in Sources */ = {isa = PBXBuildFile; fileRef = 18D7715D2A34A52500033716 /* AppDelegate.swift */; };
		18D771602A34A52500033716 /* SceneDelegate.swift in Sources */ = {isa = PBXBuildFile; fileRef = 18D7715F2A34A52500033716 /* SceneDelegate.swift */; };
		18D771622A34A52500033716 /* ViewController.swift in Sources */ = {isa = PBXBuildFile; fileRef = 18D771612A34A52500033716 /* ViewController.swift */; };
		18D771652A34A52500033716 /* Main.storyboard in Resources */ = {isa = PBXBuildFile; fileRef = 18D771632A34A52500033716 /* Main.storyboard */; };
		18D771682A34A52500033716 /* Movie_List_Demo.xcdatamodeld in Sources */ = {isa = PBXBuildFile; fileRef = 18D771662A34A52500033716 /* Movie_List_Demo.xcdatamodeld */; };
		18D7716A2A34A52700033716 /* Assets.xcassets in Resources */ = {isa = PBXBuildFile; fileRef = 18D771692A34A52700033716 /* Assets.xcassets */; };
		18D7716D2A34A52700033716 /* LaunchScreen.storyboard in Resources */ = {isa = PBXBuildFile; fileRef = 18D7716B2A34A52700033716 /* LaunchScreen.storyboard */; };
		18D771782A34A52700033716 /* Movie_List_DemoTests.swift in Sources */ = {isa = PBXBuildFile; fileRef = 18D771772A34A52700033716 /* Movie_List_DemoTests.swift */; };
		18D771822A34A52700033716 /* Movie_List_DemoUITests.swift in Sources */ = {isa = PBXBuildFile; fileRef = 18D771812A34A52700033716 /* Movie_List_DemoUITests.swift */; };
		18D771842A34A52700033716 /* Movie_List_DemoUITestsLaunchTests.swift in Sources */ = {isa = PBXBuildFile; fileRef = 18D771832A34A52700033716 /* Movie_List_DemoUITestsLaunchTests.swift */; };
/* End PBXBuildFile section */

/* Begin PBXContainerItemProxy section */
		18D771742A34A52700033716 /* PBXContainerItemProxy */ = {
			isa = PBXContainerItemProxy;
			containerPortal = 18D771522A34A52400033716 /* Project object */;
			proxyType = 1;
			remoteGlobalIDString = 18D771592A34A52500033716;
			remoteInfo = "Movie List Demo";
		};
		18D7717E2A34A52700033716 /* PBXContainerItemProxy */ = {
			isa = PBXContainerItemProxy;
			containerPortal = 18D771522A34A52400033716 /* Project object */;
			proxyType = 1;
			remoteGlobalIDString = 18D771592A34A52500033716;
			remoteInfo = "Movie List Demo";
		};
/* End PBXContainerItemProxy section */

/* Begin PBXFileReference section */
		18D7715A2A34A52500033716 /* Movie List Demo.app */ = {isa = PBXFileReference; explicitFileType = wrapper.application; includeInIndex = 0; path = "Movie List Demo.app"; sourceTree = BUILT_PRODUCTS_DIR; };
		18D7715D2A34A52500033716 /* AppDelegate.swift */ = {isa = PBXFileReference; lastKnownFileType = sourcecode.swift; path = AppDelegate.swift; sourceTree = "<group>"; };
		18D7715F2A34A52500033716 /* SceneDelegate.swift */ = {isa = PBXFileReference; lastKnownFileType = sourcecode.swift; path = SceneDelegate.swift; sourceTree = "<group>"; };
		18D771612A34A52500033716 /* ViewController.swift */ = {isa = PBXFileReference; lastKnownFileType = sourcecode.swift; path = ViewController.swift; sourceTree = "<group>"; };
		18D771642A34A52500033716 /* Base */ = {isa = PBXFileReference; lastKnownFileType = file.storyboard; name = Base; path = Base.lproj/Main.storyboard; sourceTree = "<group>"; };
		18D771672A34A52500033716 /* Movie_List_Demo.xcdatamodel */ = {isa = PBXFileReference; lastKnownFileType = wrapper.xcdatamodel; path = Movie_List_Demo.xcdatamodel; sourceTree = "<group>"; };
		18D771692A34A52700033716 /* Assets.xcassets */ = {isa = PBXFileReference; lastKnownFileType = folder.assetcatalog; path = Assets.xcassets; sourceTree = "<group>"; };
		18D7716C2A34A52700033716 /* Base */ = {isa = PBXFileReference; lastKnownFileType = file.storyboard; name = Base; path = Base.lproj/LaunchScreen.storyboard; sourceTree = "<group>"; };
		18D7716E2A34A52700033716 /* Info.plist */ = {isa = PBXFileReference; lastKnownFileType = text.plist.xml; path = Info.plist; sourceTree = "<group>"; };
		18D771732A34A52700033716 /* Movie List DemoTests.xctest */ = {isa = PBXFileReference; explicitFileType = wrapper.cfbundle; includeInIndex = 0; path = "Movie List DemoTests.xctest"; sourceTree = BUILT_PRODUCTS_DIR; };
		18D771772A34A52700033716 /* Movie_List_DemoTests.swift */ = {isa = PBXFileReference; lastKnownFileType = sourcecode.swift; path = Movie_List_DemoTests.swift; sourceTree = "<group>"; };
		18D7717D2A34A52700033716 /* Movie List DemoUITests.xctest */ = {isa = PBXFileReference; explicitFileType = wrapper.cfbundle; includeInIndex = 0; path = "Movie List DemoUITests.xctest"; sourceTree = BUILT_PRODUCTS_DIR; };
		18D771812A34A52700033716 /* Movie_List_DemoUITests.swift */ = {isa = PBXFileReference; lastKnownFileType = sourcecode.swift; path = Movie_List_DemoUITests.swift; sourceTree = "<group>"; };
		18D771832A34A52700033716 /* Movie_List_DemoUITestsLaunchTests.swift */ = {isa = PBXFileReference; lastKnownFileType = sourcecode.swift; path = Movie_List_DemoUITestsLaunchTests.swift; sourceTree = "<group>"; };
/* End PBXFileReference section */

/* Begin PBXFrameworksBuildPhase section */
		18D771572A34A52500033716 /* Frameworks */ = {
			isa = PBXFrameworksBuildPhase;
			buildActionMask = 2147483647;
			files = (
			);
			runOnlyForDeploymentPostprocessing = 0;
		};
		18D771702A34A52700033716 /* Frameworks */ = {
			isa = PBXFrameworksBuildPhase;
			buildActionMask = 2147483647;
			files = (
			);
			runOnlyForDeploymentPostprocessing = 0;
		};
		18D7717A2A34A52700033716 /* Frameworks */ = {
			isa = PBXFrameworksBuildPhase;
			buildActionMask = 2147483647;
			files = (
			);
			runOnlyForDeploymentPostprocessing = 0;
		};
/* End PBXFrameworksBuildPhase section */

/* Begin PBXGroup section */
		18D771512A34A52400033716 = {
			isa = PBXGroup;
			children = (
				18D7715C2A34A52500033716 /* Movie List Demo */,
				18D771762A34A52700033716 /* Movie List DemoTests */,
				18D771802A34A52700033716 /* Movie List DemoUITests */,
				18D7715B2A34A52500033716 /* Products */,
			);
			sourceTree = "<group>";
		};
		18D7715B2A34A52500033716 /* Products */ = {
			isa = PBXGroup;
			children = (
				18D7715A2A34A52500033716 /* Movie List Demo.app */,
				18D771732A34A52700033716 /* Movie List DemoTests.xctest */,
				18D7717D2A34A52700033716 /* Movie List DemoUITests.xctest */,
			);
			name = Products;
			sourceTree = "<group>";
		};
		18D7715C2A34A52500033716 /* Movie List Demo */ = {
			isa = PBXGroup;
			children = (
				18D7715D2A34A52500033716 /* AppDelegate.swift */,
				18D7715F2A34A52500033716 /* SceneDelegate.swift */,
				18D771612A34A52500033716 /* ViewController.swift */,
				18D771632A34A52500033716 /* Main.storyboard */,
				18D771692A34A52700033716 /* Assets.xcassets */,
				18D7716B2A34A52700033716 /* LaunchScreen.storyboard */,
				18D7716E2A34A52700033716 /* Info.plist */,
				18D771662A34A52500033716 /* Movie_List_Demo.xcdatamodeld */,
			);
			path = "Movie List Demo";
			sourceTree = "<group>";
		};
		18D771762A34A52700033716 /* Movie List DemoTests */ = {
			isa = PBXGroup;
			children = (
				18D771772A34A52700033716 /* Movie_List_DemoTests.swift */,
			);
			path = "Movie List DemoTests";
			sourceTree = "<group>";
		};
		18D771802A34A52700033716 /* Movie List DemoUITests */ = {
			isa = PBXGroup;
			children = (
				18D771812A34A52700033716 /* Movie_List_DemoUITests.swift */,
				18D771832A34A52700033716 /* Movie_List_DemoUITestsLaunchTests.swift */,
			);
			path = "Movie List DemoUITests";
			sourceTree = "<group>";
		};
/* End PBXGroup section */

/* Begin PBXNativeTarget section */
		18D771592A34A52500033716 /* Movie List Demo */ = {
			isa = PBXNativeTarget;
			buildConfigurationList = 18D771872A34A52700033716 /* Build configuration list for PBXNativeTarget "Movie List Demo" */;
			buildPhases = (
				18D771562A34A52500033716 /* Sources */,
				18D771572A34A52500033716 /* Frameworks */,
				18D771582A34A52500033716 /* Resources */,
			);
			buildRules = (
			);
			dependencies = (
			);
			name = "Movie List Demo";
			productName = "Movie List Demo";
			productReference = 18D7715A2A34A52500033716 /* Movie List Demo.app */;
			productType = "com.apple.product-type.application";
		};
		18D771722A34A52700033716 /* Movie List DemoTests */ = {
			isa = PBXNativeTarget;
			buildConfigurationList = 18D7718A2A34A52800033716 /* Build configuration list for PBXNativeTarget "Movie List DemoTests" */;
			buildPhases = (
				18D7716F2A34A52700033716 /* Sources */,
				18D771702A34A52700033716 /* Frameworks */,
				18D771712A34A52700033716 /* Resources */,
			);
			buildRules = (
			);
			dependencies = (
				18D771752A34A52700033716 /* PBXTargetDependency */,
			);
			name = "Movie List DemoTests";
			productName = "Movie List DemoTests";
			productReference = 18D771732A34A52700033716 /* Movie List DemoTests.xctest */;
			productType = "com.apple.product-type.bundle.unit-test";
		};
		18D7717C2A34A52700033716 /* Movie List DemoUITests */ = {
			isa = PBXNativeTarget;
			buildConfigurationList = 18D7718D2A34A52800033716 /* Build configuration list for PBXNativeTarget "Movie List DemoUITests" */;
			buildPhases = (
				18D771792A34A52700033716 /* Sources */,
				18D7717A2A34A52700033716 /* Frameworks */,
				18D7717B2A34A52700033716 /* Resources */,
			);
			buildRules = (
			);
			dependencies = (
				18D7717F2A34A52700033716 /* PBXTargetDependency */,
			);
			name = "Movie List DemoUITests";
			productName = "Movie List DemoUITests";
			productReference = 18D7717D2A34A52700033716 /* Movie List DemoUITests.xctest */;
			productType = "com.apple.product-type.bundle.ui-testing";
		};
/* End PBXNativeTarget section */

/* Begin PBXProject section */
		18D771522A34A52400033716 /* Project object */ = {
			isa = PBXProject;
			attributes = {
				BuildIndependentTargetsInParallel = 1;
				LastSwiftUpdateCheck = 1410;
				LastUpgradeCheck = 1410;
				TargetAttributes = {
					18D771592A34A52500033716 = {
						CreatedOnToolsVersion = 14.1;
					};
					18D771722A34A52700033716 = {
						CreatedOnToolsVersion = 14.1;
						TestTargetID = 18D771592A34A52500033716;
					};
					18D7717C2A34A52700033716 = {
						CreatedOnToolsVersion = 14.1;
						TestTargetID = 18D771592A34A52500033716;
					};
				};
			};
			buildConfigurationList = 18D771552A34A52400033716 /* Build configuration list for PBXProject "Movie List Demo" */;
			compatibilityVersion = "Xcode 14.0";
			developmentRegion = en;
			hasScannedForEncodings = 0;
			knownRegions = (
				en,
				Base,
			);
			mainGroup = 18D771512A34A52400033716;
			productRefGroup = 18D7715B2A34A52500033716 /* Products */;
			projectDirPath = "";
			projectRoot = "";
			targets = (
				18D771592A34A52500033716 /* Movie List Demo */,
				18D771722A34A52700033716 /* Movie List DemoTests */,
				18D7717C2A34A52700033716 /* Movie List DemoUITests */,
			);
		};
/* End PBXProject section */

/* Begin PBXResourcesBuildPhase section */
		18D771582A34A52500033716 /* Resources */ = {
			isa = PBXResourcesBuildPhase;
			buildActionMask = 2147483647;
			files = (
				18D7716D2A34A52700033716 /* LaunchScreen.storyboard in Resources */,
				18D7716A2A34A52700033716 /* Assets.xcassets in Resources */,
				18D771652A34A52500033716 /* Main.storyboard in Resources */,
			);
			runOnlyForDeploymentPostprocessing = 0;
		};
		18D771712A34A52700033716 /* Resources */ = {
			isa = PBXResourcesBuildPhase;
			buildActionMask = 2147483647;
			files = (
			);
			runOnlyForDeploymentPostprocessing = 0;
		};
		18D7717B2A34A52700033716 /* Resources */ = {
			isa = PBXResourcesBuildPhase;
			buildActionMask = 2147483647;
			files = (
			);
			runOnlyForDeploymentPostprocessing = 0;
		};
/* End PBXResourcesBuildPhase section */

/* Begin PBXSourcesBuildPhase section */
		18D771562A34A52500033716 /* Sources */ = {
			isa = PBXSourcesBuildPhase;
			buildActionMask = 2147483647;
			files = (
				18D771622A34A52500033716 /* ViewController.swift in Sources */,
				18D7715E2A34A52500033716 /* AppDelegate.swift in Sources */,
				18D771602A34A52500033716 /* SceneDelegate.swift in Sources */,
				18D771682A34A52500033716 /* Movie_List_Demo.xcdatamodeld in Sources */,
			);
			runOnlyForDeploymentPostprocessing = 0;
		};
		18D7716F2A34A52700033716 /* Sources */ = {
			isa = PBXSourcesBuildPhase;
			buildActionMask = 2147483647;
			files = (
				18D771782A34A52700033716 /* Movie_List_DemoTests.swift in Sources */,
			);
			runOnlyForDeploymentPostprocessing = 0;
		};
		18D771792A34A52700033716 /* Sources */ = {
			isa = PBXSourcesBuildPhase;
			buildActionMask = 2147483647;
			files = (
				18D771842A34A52700033716 /* Movie_List_DemoUITestsLaunchTests.swift in Sources */,
				18D771822A34A52700033716 /* Movie_List_DemoUITests.swift in Sources */,
			);
			runOnlyForDeploymentPostprocessing = 0;
		};
/* End PBXSourcesBuildPhase section */

/* Begin PBXTargetDependency section */
		18D771752A34A52700033716 /* PBXTargetDependency */ = {
			isa = PBXTargetDependency;
			target = 18D771592A34A52500033716 /* Movie List Demo */;
			targetProxy = 18D771742A34A52700033716 /* PBXContainerItemProxy */;
		};
		18D7717F2A34A52700033716 /* PBXTargetDependency */ = {
			isa = PBXTargetDependency;
			target = 18D771592A34A52500033716 /* Movie List Demo */;
			targetProxy = 18D7717E2A34A52700033716 /* PBXContainerItemProxy */;
		};
/* End PBXTargetDependency section */

/* Begin PBXVariantGroup section */
		18D771632A34A52500033716 /* Main.storyboard */ = {
			isa = PBXVariantGroup;
			children = (
				18D771642A34A52500033716 /* Base */,
			);
			name = Main.storyboard;
			sourceTree = "<group>";
		};
		18D7716B2A34A52700033716 /* LaunchScreen.storyboard */ = {
			isa = PBXVariantGroup;
			children = (
				18D7716C2A34A52700033716 /* Base */,
			);
			name = LaunchScreen.storyboard;
			sourceTree = "<group>";
		};
/* End PBXVariantGroup section */

/* Begin XCBuildConfiguration section */
		18D771852A34A52700033716 /* Debug */ = {
			isa = XCBuildConfiguration;
			buildSettings = {
				ALWAYS_SEARCH_USER_PATHS = NO;
				CLANG_ANALYZER_NONNULL = YES;
				CLANG_ANALYZER_NUMBER_OBJECT_CONVERSION = YES_AGGRESSIVE;
				CLANG_CXX_LANGUAGE_STANDARD = "gnu++20";
				CLANG_ENABLE_MODULES = YES;
				CLANG_ENABLE_OBJC_ARC = YES;
				CLANG_ENABLE_OBJC_WEAK = YES;
				CLANG_WARN_BLOCK_CAPTURE_AUTORELEASING = YES;
				CLANG_WARN_BOOL_CONVERSION = YES;
				CLANG_WARN_COMMA = YES;
				CLANG_WARN_CONSTANT_CONVERSION = YES;
				CLANG_WARN_DEPRECATED_OBJC_IMPLEMENTATIONS = YES;
				CLANG_WARN_DIRECT_OBJC_ISA_USAGE = YES_ERROR;
				CLANG_WARN_DOCUMENTATION_COMMENTS = YES;
				CLANG_WARN_EMPTY_BODY = YES;
				CLANG_WARN_ENUM_CONVERSION = YES;
				CLANG_WARN_INFINITE_RECURSION = YES;
				CLANG_WARN_INT_CONVERSION = YES;
				CLANG_WARN_NON_LITERAL_NULL_CONVERSION = YES;
				CLANG_WARN_OBJC_IMPLICIT_RETAIN_SELF = YES;
				CLANG_WARN_OBJC_LITERAL_CONVERSION = YES;
				CLANG_WARN_OBJC_ROOT_CLASS = YES_ERROR;
				CLANG_WARN_QUOTED_INCLUDE_IN_FRAMEWORK_HEADER = YES;
				CLANG_WARN_RANGE_LOOP_ANALYSIS = YES;
				CLANG_WARN_STRICT_PROTOTYPES = YES;
				CLANG_WARN_SUSPICIOUS_MOVE = YES;
				CLANG_WARN_UNGUARDED_AVAILABILITY = YES_AGGRESSIVE;
				CLANG_WARN_UNREACHABLE_CODE = YES;
				CLANG_WARN__DUPLICATE_METHOD_MATCH = YES;
				COPY_PHASE_STRIP = NO;
				DEBUG_INFORMATION_FORMAT = dwarf;
				ENABLE_STRICT_OBJC_MSGSEND = YES;
				ENABLE_TESTABILITY = YES;
				GCC_C_LANGUAGE_STANDARD = gnu11;
				GCC_DYNAMIC_NO_PIC = NO;
				GCC_NO_COMMON_BLOCKS = YES;
				GCC_OPTIMIZATION_LEVEL = 0;
				GCC_PREPROCESSOR_DEFINITIONS = (
					"DEBUG=1",
					"$(inherited)",
				);
				GCC_WARN_64_TO_32_BIT_CONVERSION = YES;
				GCC_WARN_ABOUT_RETURN_TYPE = YES_ERROR;
				GCC_WARN_UNDECLARED_SELECTOR = YES;
				GCC_WARN_UNINITIALIZED_AUTOS = YES_AGGRESSIVE;
				GCC_WARN_UNUSED_FUNCTION = YES;
				GCC_WARN_UNUSED_VARIABLE = YES;
				IPHONEOS_DEPLOYMENT_TARGET = 16.1;
				MTL_ENABLE_DEBUG_INFO = INCLUDE_SOURCE;
				MTL_FAST_MATH = YES;
				ONLY_ACTIVE_ARCH = YES;
				SDKROOT = iphoneos;
				SWIFT_ACTIVE_COMPILATION_CONDITIONS = DEBUG;
				SWIFT_OPTIMIZATION_LEVEL = "-Onone";
			};
			name = Debug;
		};
		18D771862A34A52700033716 /* Release */ = {
			isa = XCBuildConfiguration;
			buildSettings = {
				ALWAYS_SEARCH_USER_PATHS = NO;
				CLANG_ANALYZER_NONNULL = YES;
				CLANG_ANALYZER_NUMBER_OBJECT_CONVERSION = YES_AGGRESSIVE;
				CLANG_CXX_LANGUAGE_STANDARD = "gnu++20";
				CLANG_ENABLE_MODULES = YES;
				CLANG_ENABLE_OBJC_ARC = YES;
				CLANG_ENABLE_OBJC_WEAK = YES;
				CLANG_WARN_BLOCK_CAPTURE_AUTORELEASING = YES;
				CLANG_WARN_BOOL_CONVERSION = YES;
				CLANG_WARN_COMMA = YES;
				CLANG_WARN_CONSTANT_CONVERSION = YES;
				CLANG_WARN_DEPRECATED_OBJC_IMPLEMENTATIONS = YES;
				CLANG_WARN_DIRECT_OBJC_ISA_USAGE = YES_ERROR;
				CLANG_WARN_DOCUMENTATION_COMMENTS = YES;
				CLANG_WARN_EMPTY_BODY = YES;
				CLANG_WARN_ENUM_CONVERSION = YES;
				CLANG_WARN_INFINITE_RECURSION = YES;
				CLANG_WARN_INT_CONVERSION = YES;
				CLANG_WARN_NON_LITERAL_NULL_CONVERSION = YES;
				CLANG_WARN_OBJC_IMPLICIT_RETAIN_SELF = YES;
				CLANG_WARN_OBJC_LITERAL_CONVERSION = YES;
				CLANG_WARN_OBJC_ROOT_CLASS = YES_ERROR;
				CLANG_WARN_QUOTED_INCLUDE_IN_FRAMEWORK_HEADER = YES;
				CLANG_WARN_RANGE_LOOP_ANALYSIS = YES;
				CLANG_WARN_STRICT_PROTOTYPES = YES;
				CLANG_WARN_SUSPICIOUS_MOVE = YES;
				CLANG_WARN_UNGUARDED_AVAILABILITY = YES_AGGRESSIVE;
				CLANG_WARN_UNREACHABLE_CODE = YES;
				CLANG_WARN__DUPLICATE_METHOD_MATCH = YES;
				COPY_PHASE_STRIP = NO;
				DEBUG_INFORMATION_FORMAT = "dwarf-with-dsym";
				ENABLE_NS_ASSERTIONS = NO;
				ENABLE_STRICT_OBJC_MSGSEND = YES;
				GCC_C_LANGUAGE_STANDARD = gnu11;
				GCC_NO_COMMON_BLOCKS = YES;
				GCC_WARN_64_TO_32_BIT_CONVERSION = YES;
				GCC_WARN_ABOUT_RETURN_TYPE = YES_ERROR;
				GCC_WARN_UNDECLARED_SELECTOR = YES;
				GCC_WARN_UNINITIALIZED_AUTOS = YES_AGGRESSIVE;
				GCC_WARN_UNUSED_FUNCTION = YES;
				GCC_WARN_UNUSED_VARIABLE = YES;
				IPHONEOS_DEPLOYMENT_TARGET = 16.1;
				MTL_ENABLE_DEBUG_INFO = NO;
				MTL_FAST_MATH = YES;
				SDKROOT = iphoneos;
				SWIFT_COMPILATION_MODE = wholemodule;
				SWIFT_OPTIMIZATION_LEVEL = "-O";
				VALIDATE_PRODUCT = YES;
			};
			name = Release;
		};
		18D771882A34A52700033716 /* Debug */ = {
			isa = XCBuildConfiguration;
			buildSettings = {
				ASSETCATALOG_COMPILER_APPICON_NAME = AppIcon;
				ASSETCATALOG_COMPILER_GLOBAL_ACCENT_COLOR_NAME = AccentColor;
				CODE_SIGN_STYLE = Automatic;
				CURRENT_PROJECT_VERSION = 1;
				DEVELOPMENT_TEAM = 78Y4SLAMYU;
				GENERATE_INFOPLIST_FILE = YES;
				INFOPLIST_FILE = "Movie List Demo/Info.plist";
				INFOPLIST_KEY_UIApplicationSupportsIndirectInputEvents = YES;
				INFOPLIST_KEY_UILaunchStoryboardName = LaunchScreen;
				INFOPLIST_KEY_UIMainStoryboardFile = Main;
				INFOPLIST_KEY_UISupportedInterfaceOrientations_iPad = "UIInterfaceOrientationPortrait UIInterfaceOrientationPortraitUpsideDown UIInterfaceOrientationLandscapeLeft UIInterfaceOrientationLandscapeRight";
				INFOPLIST_KEY_UISupportedInterfaceOrientations_iPhone = "UIInterfaceOrientationPortrait UIInterfaceOrientationLandscapeLeft UIInterfaceOrientationLandscapeRight";
				LD_RUNPATH_SEARCH_PATHS = (
					"$(inherited)",
					"@executable_path/Frameworks",
				);
				MARKETING_VERSION = 1.0;
				PRODUCT_BUNDLE_IDENTIFIER = "Kruti.Movie-List-Demo";
				PRODUCT_NAME = "$(TARGET_NAME)";
				SWIFT_EMIT_LOC_STRINGS = YES;
				SWIFT_VERSION = 5.0;
				TARGETED_DEVICE_FAMILY = "1,2";
			};
			name = Debug;
		};
		18D771892A34A52700033716 /* Release */ = {
			isa = XCBuildConfiguration;
			buildSettings = {
				ASSETCATALOG_COMPILER_APPICON_NAME = AppIcon;
				ASSETCATALOG_COMPILER_GLOBAL_ACCENT_COLOR_NAME = AccentColor;
				CODE_SIGN_STYLE = Automatic;
				CURRENT_PROJECT_VERSION = 1;
				DEVELOPMENT_TEAM = 78Y4SLAMYU;
				GENERATE_INFOPLIST_FILE = YES;
				INFOPLIST_FILE = "Movie List Demo/Info.plist";
				INFOPLIST_KEY_UIApplicationSupportsIndirectInputEvents = YES;
				INFOPLIST_KEY_UILaunchStoryboardName = LaunchScreen;
				INFOPLIST_KEY_UIMainStoryboardFile = Main;
				INFOPLIST_KEY_UISupportedInterfaceOrientations_iPad = "UIInterfaceOrientationPortrait UIInterfaceOrientationPortraitUpsideDown UIInterfaceOrientationLandscapeLeft UIInterfaceOrientationLandscapeRight";
				INFOPLIST_KEY_UISupportedInterfaceOrientations_iPhone = "UIInterfaceOrientationPortrait UIInterfaceOrientationLandscapeLeft UIInterfaceOrientationLandscapeRight";
				LD_RUNPATH_SEARCH_PATHS = (
					"$(inherited)",
					"@executable_path/Frameworks",
				);
				MARKETING_VERSION = 1.0;
				PRODUCT_BUNDLE_IDENTIFIER = "Kruti.Movie-List-Demo";
				PRODUCT_NAME = "$(TARGET_NAME)";
				SWIFT_EMIT_LOC_STRINGS = YES;
				SWIFT_VERSION = 5.0;
				TARGETED_DEVICE_FAMILY = "1,2";
			};
			name = Release;
		};
		18D7718B2A34A52800033716 /* Debug */ = {
			isa = XCBuildConfiguration;
			buildSettings = {
				ALWAYS_EMBED_SWIFT_STANDARD_LIBRARIES = YES;
				BUNDLE_LOADER = "$(TEST_HOST)";
				CODE_SIGN_STYLE = Automatic;
				CURRENT_PROJECT_VERSION = 1;
				DEVELOPMENT_TEAM = 78Y4SLAMYU;
				GENERATE_INFOPLIST_FILE = YES;
				IPHONEOS_DEPLOYMENT_TARGET = 16.1;
				MARKETING_VERSION = 1.0;
				PRODUCT_BUNDLE_IDENTIFIER = "Kruti.Movie-List-DemoTests";
				PRODUCT_NAME = "$(TARGET_NAME)";
				SWIFT_EMIT_LOC_STRINGS = NO;
				SWIFT_VERSION = 5.0;
				TARGETED_DEVICE_FAMILY = "1,2";
				TEST_HOST = "$(BUILT_PRODUCTS_DIR)/Movie List Demo.app/$(BUNDLE_EXECUTABLE_FOLDER_PATH)/Movie List Demo";
			};
			name = Debug;
		};
		18D7718C2A34A52800033716 /* Release */ = {
			isa = XCBuildConfiguration;
			buildSettings = {
				ALWAYS_EMBED_SWIFT_STANDARD_LIBRARIES = YES;
				BUNDLE_LOADER = "$(TEST_HOST)";
				CODE_SIGN_STYLE = Automatic;
				CURRENT_PROJECT_VERSION = 1;
				DEVELOPMENT_TEAM = 78Y4SLAMYU;
				GENERATE_INFOPLIST_FILE = YES;
				IPHONEOS_DEPLOYMENT_TARGET = 16.1;
				MARKETING_VERSION = 1.0;
				PRODUCT_BUNDLE_IDENTIFIER = "Kruti.Movie-List-DemoTests";
				PRODUCT_NAME = "$(TARGET_NAME)";
				SWIFT_EMIT_LOC_STRINGS = NO;
				SWIFT_VERSION = 5.0;
				TARGETED_DEVICE_FAMILY = "1,2";
				TEST_HOST = "$(BUILT_PRODUCTS_DIR)/Movie List Demo.app/$(BUNDLE_EXECUTABLE_FOLDER_PATH)/Movie List Demo";
			};
			name = Release;
		};
		18D7718E2A34A52800033716 /* Debug */ = {
			isa = XCBuildConfiguration;
			buildSettings = {
				ALWAYS_EMBED_SWIFT_STANDARD_LIBRARIES = YES;
				CODE_SIGN_STYLE = Automatic;
				CURRENT_PROJECT_VERSION = 1;
				DEVELOPMENT_TEAM = 78Y4SLAMYU;
				GENERATE_INFOPLIST_FILE = YES;
				MARKETING_VERSION = 1.0;
				PRODUCT_BUNDLE_IDENTIFIER = "Kruti.Movie-List-DemoUITests";
				PRODUCT_NAME = "$(TARGET_NAME)";
				SWIFT_EMIT_LOC_STRINGS = NO;
				SWIFT_VERSION = 5.0;
				TARGETED_DEVICE_FAMILY = "1,2";
				TEST_TARGET_NAME = "Movie List Demo";
			};
			name = Debug;
		};
		18D7718F2A34A52800033716 /* Release */ = {
			isa = XCBuildConfiguration;
			buildSettings = {
				ALWAYS_EMBED_SWIFT_STANDARD_LIBRARIES = YES;
				CODE_SIGN_STYLE = Automatic;
				CURRENT_PROJECT_VERSION = 1;
				DEVELOPMENT_TEAM = 78Y4SLAMYU;
				GENERATE_INFOPLIST_FILE = YES;
				MARKETING_VERSION = 1.0;
				PRODUCT_BUNDLE_IDENTIFIER = "Kruti.Movie-List-DemoUITests";
				PRODUCT_NAME = "$(TARGET_NAME)";
				SWIFT_EMIT_LOC_STRINGS = NO;
				SWIFT_VERSION = 5.0;
				TARGETED_DEVICE_FAMILY = "1,2";
				TEST_TARGET_NAME = "Movie List Demo";
			};
			name = Release;
		};
/* End XCBuildConfiguration section */

/* Begin XCConfigurationList section */
		18D771552A34A52400033716 /* Build configuration list for PBXProject "Movie List Demo" */ = {
			isa = XCConfigurationList;
			buildConfigurations = (
				18D771852A34A52700033716 /* Debug */,
				18D771862A34A52700033716 /* Release */,
			);
			defaultConfigurationIsVisible = 0;
			defaultConfigurationName = Release;
		};
		18D771872A34A52700033716 /* Build configuration list for PBXNativeTarget "Movie List Demo" */ = {
			isa = XCConfigurationList;
			buildConfigurations = (
				18D771882A34A52700033716 /* Debug */,
				18D771892A34A52700033716 /* Release */,
			);
			defaultConfigurationIsVisible = 0;
			defaultConfigurationName = Release;
		};
		18D7718A2A34A52800033716 /* Build configuration list for PBXNativeTarget "Movie List DemoTests" */ = {
			isa = XCConfigurationList;
			buildConfigurations = (
				18D7718B2A34A52800033716 /* Debug */,
				18D7718C2A34A52800033716 /* Release */,
			);
			defaultConfigurationIsVisible = 0;
			defaultConfigurationName = Release;
		};
		18D7718D2A34A52800033716 /* Build configuration list for PBXNativeTarget "Movie List DemoUITests" */ = {
			isa = XCConfigurationList;
			buildConfigurations = (
				18D7718E2A34A52800033716 /* Debug */,
				18D7718F2A34A52800033716 /* Release */,
			);
			defaultConfigurationIsVisible = 0;
			defaultConfigurationName = Release;
		};
/* End XCConfigurationList section */

/* Begin XCVersionGroup section */
		18D771662A34A52500033716 /* Movie_List_Demo.xcdatamodeld */ = {
			isa = XCVersionGroup;
			children = (
				18D771672A34A52500033716 /* Movie_List_Demo.xcdatamodel */,
			);
			currentVersion = 18D771672A34A52500033716 /* Movie_List_Demo.xcdatamodel */;
			path = Movie_List_Demo.xcdatamodeld;
			sourceTree = "<group>";
			versionGroupType = wrapper.xcdatamodel;
		};
/* End XCVersionGroup section */
	};
	rootObject = 18D771522A34A52400033716 /* Project object */;
}
